
Microsoft Visual Studio Solution File, Format Version 12.00
# Visual Studio Version 17
VisualStudioVersion = 17.4.33122.133
MinimumVisualStudioVersion = 10.0.40219.1
Project("{FAE04EC0-301F-11D3-BF4B-00C04F79EFBC}") = "Server_SignalRInConsole", "Server_SignalRInConsole\Server_SignalRInConsole.csproj", "{26054227-A0A5-47E4-89AA-E1B0861C2906}"
EndProject
Project("{FAE04EC0-301F-11D3-BF4B-00C04F79EFBC}") = "Client_SignalRInConsole", "Client_SignalRInConsole\Client_SignalRInConsole.csproj", "{0652E140-A99D-4150-9558-94924E24E6F1}"
EndProject
Project("{FAE04EC0-301F-11D3-BF4B-00C04F79EFBC}") = "SignalR_PostComment", "SignalR_PostComment\SignalR_PostComment.csproj", "{4661F5D0-E36A-4E3F-8BFB-E81F55137842}"
EndProject
Global
	GlobalSection(SolutionConfigurationPlatforms) = preSolution
		Debug|Any CPU = Debug|Any CPU
		Release|Any CPU = Release|Any CPU
	EndGlobalSection
	GlobalSection(ProjectConfigurationPlatforms) = postSolution
		{26054227-A0A5-47E4-89AA-E1B0861C2906}.Debug|Any CPU.ActiveCfg = Debug|Any CPU
		{26054227-A0A5-47E4-89AA-E1B0861C2906}.Debug|Any CPU.Build.0 = Debug|Any CPU
		{26054227-A0A5-47E4-89AA-E1B0861C2906}.Release|Any CPU.ActiveCfg = Release|Any CPU
		{26054227-A0A5-47E4-89AA-E1B0861C2906}.Release|Any CPU.Build.0 = Release|Any CPU
		{0652E140-A99D-4150-9558-94924E24E6F1}.Debug|Any CPU.ActiveCfg = Debug|Any CPU
		{0652E140-A99D-4150-9558-94924E24E6F1}.Debug|Any CPU.Build.0 = Debug|Any CPU
		{0652E140-A99D-4150-9558-94924E24E6F1}.Release|Any CPU.ActiveCfg = Release|Any CPU
		{0652E140-A99D-4150-9558-94924E24E6F1}.Release|Any CPU.Build.0 = Release|Any CPU
		{4661F5D0-E36A-4E3F-8BFB-E81F55137842}.Debug|Any CPU.ActiveCfg = Debug|Any CPU
		{4661F5D0-E36A-4E3F-8BFB-E81F55137842}.Debug|Any CPU.Build.0 = Debug|Any CPU
		{4661F5D0-E36A-4E3F-8BFB-E81F55137842}.Release|Any CPU.ActiveCfg = Release|Any CPU
		{4661F5D0-E36A-4E3F-8BFB-E81F55137842}.Release|Any CPU.Build.0 = Release|Any CPU
	EndGlobalSection
	GlobalSection(SolutionProperties) = preSolution
		HideSolutionNode = FALSE
	EndGlobalSection
	GlobalSection(ExtensibilityGlobals) = postSolution
		SolutionGuid = {126F26CE-0D27-40DA-85FB-5ACFA4757E4B}
	EndGlobalSection
EndGlobal
